
Microsoft Visual Studio Solution File, Format Version 12.00
# Visual Studio Version 17
VisualStudioVersion = 17.0.31903.59
MinimumVisualStudioVersion = 10.0.40219.1
Project("{2150E333-8FDC-42A3-9474-1A3956D46DE8}") = "src", "src", "{827E0CD3-B72D-47B6-A68D-7590B98EB39B}"
EndProject
Project("{FAE04EC0-301F-11D3-BF4B-00C04F79EFBC}") = "TalentSystem.Api", "src\TalentSystem.Api\TalentSystem.Api.csproj", "{DA548FD6-0991-4AC0-B864-93A666B495D1}"
EndProject
Project("{FAE04EC0-301F-11D3-BF4B-00C04F79EFBC}") = "TalentSystem.Application", "src\TalentSystem.Application\TalentSystem.Application.csproj", "{5DE1C1F7-D0AE-495F-8F6C-ADCDCF3D8AB3}"
EndProject
Project("{FAE04EC0-301F-11D3-BF4B-00C04F79EFBC}") = "TalentSystem.Domain", "src\TalentSystem.Domain\TalentSystem.Domain.csproj", "{1FDB6C33-5C95-4B17-95AB-A898B887FA28}"
EndProject
Project("{FAE04EC0-301F-11D3-BF4B-00C04F79EFBC}") = "TalentSystem.Infrastructure", "src\TalentSystem.Infrastructure\TalentSystem.Infrastructure.csproj", "{CF695A66-871E-4F8A-8C17-E9EDC78A92B2}"
EndProject
Project("{FAE04EC0-301F-11D3-BF4B-00C04F79EFBC}") = "TalentSystem.Persistence", "src\TalentSystem.Persistence\TalentSystem.Persistence.csproj", "{C64E190C-B2F2-4DE6-8ADD-554296C2E68C}"
EndProject
Project("{FAE04EC0-301F-11D3-BF4B-00C04F79EFBC}") = "TalentSystem.Shared", "src\TalentSystem.Shared\TalentSystem.Shared.csproj", "{84B2845C-6703-43B4-A0CA-5C7C767CC014}"
EndProject
Project("{FAE04EC0-301F-11D3-BF4B-00C04F79EFBC}") = "TalentSystem.UnitTests", "tests\TalentSystem.UnitTests\TalentSystem.UnitTests.csproj", "{3FF4D4A7-DE33-4E24-8D02-4367129C654C}"
EndProject
Project("{FAE04EC0-301F-11D3-BF4B-00C04F79EFBC}") = "TalentSystem.IntegrationTests", "tests\TalentSystem.IntegrationTests\TalentSystem.IntegrationTests.csproj", "{4C9907F5-439B-498A-A31F-6A9B989BA521}"
EndProject
Global
	GlobalSection(SolutionConfigurationPlatforms) = preSolution
		Debug|Any CPU = Debug|Any CPU
		Debug|x64 = Debug|x64
		Debug|x86 = Debug|x86
		Release|Any CPU = Release|Any CPU
		Release|x64 = Release|x64
		Release|x86 = Release|x86
	EndGlobalSection
	GlobalSection(ProjectConfigurationPlatforms) = postSolution
		{DA548FD6-0991-4AC0-B864-93A666B495D1}.Debug|Any CPU.ActiveCfg = Debug|Any CPU
		{DA548FD6-0991-4AC0-B864-93A666B495D1}.Debug|Any CPU.Build.0 = Debug|Any CPU
		{DA548FD6-0991-4AC0-B864-93A666B495D1}.Debug|x64.ActiveCfg = Debug|Any CPU
		{DA548FD6-0991-4AC0-B864-93A666B495D1}.Debug|x64.Build.0 = Debug|Any CPU
		{DA548FD6-0991-4AC0-B864-93A666B495D1}.Debug|x86.ActiveCfg = Debug|Any CPU
		{DA548FD6-0991-4AC0-B864-93A666B495D1}.Debug|x86.Build.0 = Debug|Any CPU
		{DA548FD6-0991-4AC0-B864-93A666B495D1}.Release|Any CPU.ActiveCfg = Release|Any CPU
		{DA548FD6-0991-4AC0-B864-93A666B495D1}.Release|Any CPU.Build.0 = Release|Any CPU
		{DA548FD6-0991-4AC0-B864-93A666B495D1}.Release|x64.ActiveCfg = Release|Any CPU
		{DA548FD6-0991-4AC0-B864-93A666B495D1}.Release|x64.Build.0 = Release|Any CPU
		{DA548FD6-0991-4AC0-B864-93A666B495D1}.Release|x86.ActiveCfg = Release|Any CPU
		{DA548FD6-0991-4AC0-B864-93A666B495D1}.Release|x86.Build.0 = Release|Any CPU
		{5DE1C1F7-D0AE-495F-8F6C-ADCDCF3D8AB3}.Debug|Any CPU.ActiveCfg = Debug|Any CPU
		{5DE1C1F7-D0AE-495F-8F6C-ADCDCF3D8AB3}.Debug|Any CPU.Build.0 = Debug|Any CPU
		{5DE1C1F7-D0AE-495F-8F6C-ADCDCF3D8AB3}.Debug|x64.ActiveCfg = Debug|Any CPU
		{5DE1C1F7-D0AE-495F-8F6C-ADCDCF3D8AB3}.Debug|x64.Build.0 = Debug|Any CPU
		{5DE1C1F7-D0AE-495F-8F6C-ADCDCF3D8AB3}.Debug|x86.ActiveCfg = Debug|Any CPU
		{5DE1C1F7-D0AE-495F-8F6C-ADCDCF3D8AB3}.Debug|x86.Build.0 = Debug|Any CPU
		{5DE1C1F7-D0AE-495F-8F6C-ADCDCF3D8AB3}.Release|Any CPU.ActiveCfg = Release|Any CPU
		{5DE1C1F7-D0AE-495F-8F6C-ADCDCF3D8AB3}.Release|Any CPU.Build.0 = Release|Any CPU
		{5DE1C1F7-D0AE-495F-8F6C-ADCDCF3D8AB3}.Release|x64.ActiveCfg = Release|Any CPU
		{5DE1C1F7-D0AE-495F-8F6C-ADCDCF3D8AB3}.Release|x64.Build.0 = Release|Any CPU
		{5DE1C1F7-D0AE-495F-8F6C-ADCDCF3D8AB3}.Release|x86.ActiveCfg = Release|Any CPU
		{5DE1C1F7-D0AE-495F-8F6C-ADCDCF3D8AB3}.Release|x86.Build.0 = Release|Any CPU
		{1FDB6C33-5C95-4B17-95AB-A898B887FA28}.Debug|Any CPU.ActiveCfg = Debug|Any CPU
		{1FDB6C33-5C95-4B17-95AB-A898B887FA28}.Debug|Any CPU.Build.0 = Debug|Any CPU
		{1FDB6C33-5C95-4B17-95AB-A898B887FA28}.Debug|x64.ActiveCfg = Debug|Any CPU
		{1FDB6C33-5C95-4B17-95AB-A898B887FA28}.Debug|x64.Build.0 = Debug|Any CPU
		{1FDB6C33-5C95-4B17-95AB-A898B887FA28}.Debug|x86.ActiveCfg = Debug|Any CPU
		{1FDB6C33-5C95-4B17-95AB-A898B887FA28}.Debug|x86.Build.0 = Debug|Any CPU
		{1FDB6C33-5C95-4B17-95AB-A898B887FA28}.Release|Any CPU.ActiveCfg = Release|Any CPU
		{1FDB6C33-5C95-4B17-95AB-A898B887FA28}.Release|Any CPU.Build.0 = Release|Any CPU
		{1FDB6C33-5C95-4B17-95AB-A898B887FA28}.Release|x64.ActiveCfg = Release|Any CPU
		{1FDB6C33-5C95-4B17-95AB-A898B887FA28}.Release|x64.Build.0 = Release|Any CPU
		{1FDB6C33-5C95-4B17-95AB-A898B887FA28}.Release|x86.ActiveCfg = Release|Any CPU
		{1FDB6C33-5C95-4B17-95AB-A898B887FA28}.Release|x86.Build.0 = Release|Any CPU
		{CF695A66-871E-4F8A-8C17-E9EDC78A92B2}.Debug|Any CPU.ActiveCfg = Debug|Any CPU
		{CF695A66-871E-4F8A-8C17-E9EDC78A92B2}.Debug|Any CPU.Build.0 = Debug|Any CPU
		{CF695A66-871E-4F8A-8C17-E9EDC78A92B2}.Debug|x64.ActiveCfg = Debug|Any CPU
		{CF695A66-871E-4F8A-8C17-E9EDC78A92B2}.Debug|x64.Build.0 = Debug|Any CPU
		{CF695A66-871E-4F8A-8C17-E9EDC78A92B2}.Debug|x86.ActiveCfg = Debug|Any CPU
		{CF695A66-871E-4F8A-8C17-E9EDC78A92B2}.Debug|x86.Build.0 = Debug|Any CPU
		{CF695A66-871E-4F8A-8C17-E9EDC78A92B2}.Release|Any CPU.ActiveCfg = Release|Any CPU
		{CF695A66-871E-4F8A-8C17-E9EDC78A92B2}.Release|Any CPU.Build.0 = Release|Any CPU
		{CF695A66-871E-4F8A-8C17-E9EDC78A92B2}.Release|x64.ActiveCfg = Release|Any CPU
		{CF695A66-871E-4F8A-8C17-E9EDC78A92B2}.Release|x64.Build.0 = Release|Any CPU
		{CF695A66-871E-4F8A-8C17-E9EDC78A92B2}.Release|x86.ActiveCfg = Release|Any CPU
		{CF695A66-871E-4F8A-8C17-E9EDC78A92B2}.Release|x86.Build.0 = Release|Any CPU
		{C64E190C-B2F2-4DE6-8ADD-554296C2E68C}.Debug|Any CPU.ActiveCfg = Debug|Any CPU
		{C64E190C-B2F2-4DE6-8ADD-554296C2E68C}.Debug|Any CPU.Build.0 = Debug|Any CPU
		{C64E190C-B2F2-4DE6-8ADD-554296C2E68C}.Debug|x64.ActiveCfg = Debug|Any CPU
		{C64E190C-B2F2-4DE6-8ADD-554296C2E68C}.Debug|x64.Build.0 = Debug|Any CPU
		{C64E190C-B2F2-4DE6-8ADD-554296C2E68C}.Debug|x86.ActiveCfg = Debug|Any CPU
		{C64E190C-B2F2-4DE6-8ADD-554296C2E68C}.Debug|x86.Build.0 = Debug|Any CPU
		{C64E190C-B2F2-4DE6-8ADD-554296C2E68C}.Release|Any CPU.ActiveCfg = Release|Any CPU
		{C64E190C-B2F2-4DE6-8ADD-554296C2E68C}.Release|Any CPU.Build.0 = Release|Any CPU
		{C64E190C-B2F2-4DE6-8ADD-554296C2E68C}.Release|x64.ActiveCfg = Release|Any CPU
		{C64E190C-B2F2-4DE6-8ADD-554296C2E68C}.Release|x64.Build.0 = Release|Any CPU
		{C64E190C-B2F2-4DE6-8ADD-554296C2E68C}.Release|x86.ActiveCfg = Release|Any CPU
		{C64E190C-B2F2-4DE6-8ADD-554296C2E68C}.Release|x86.Build.0 = Release|Any CPU
		{84B2845C-6703-43B4-A0CA-5C7C767CC014}.Debug|Any CPU.ActiveCfg = Debug|Any CPU
		{84B2845C-6703-43B4-A0CA-5C7C767CC014}.Debug|Any CPU.Build.0 = Debug|Any CPU
		{84B2845C-6703-43B4-A0CA-5C7C767CC014}.Debug|x64.ActiveCfg = Debug|Any CPU
		{84B2845C-6703-43B4-A0CA-5C7C767CC014}.Debug|x64.Build.0 = Debug|Any CPU
		{84B2845C-6703-43B4-A0CA-5C7C767CC014}.Debug|x86.ActiveCfg = Debug|Any CPU
		{84B2845C-6703-43B4-A0CA-5C7C767CC014}.Debug|x86.Build.0 = Debug|Any CPU
		{84B2845C-6703-43B4-A0CA-5C7C767CC014}.Release|Any CPU.ActiveCfg = Release|Any CPU
		{84B2845C-6703-43B4-A0CA-5C7C767CC014}.Release|Any CPU.Build.0 = Release|Any CPU
		{84B2845C-6703-43B4-A0CA-5C7C767CC014}.Release|x64.ActiveCfg = Release|Any CPU
		{84B2845C-6703-43B4-A0CA-5C7C767CC014}.Release|x64.Build.0 = Release|Any CPU
		{84B2845C-6703-43B4-A0CA-5C7C767CC014}.Release|x86.ActiveCfg = Release|Any CPU
		{84B2845C-6703-43B4-A0CA-5C7C767CC014}.Release|x86.Build.0 = Release|Any CPU
		{3FF4D4A7-DE33-4E24-8D02-4367129C654C}.Debug|Any CPU.ActiveCfg = Debug|Any CPU
		{3FF4D4A7-DE33-4E24-8D02-4367129C654C}.Debug|Any CPU.Build.0 = Debug|Any CPU
		{3FF4D4A7-DE33-4E24-8D02-4367129C654C}.Debug|x64.ActiveCfg = Debug|Any CPU
		{3FF4D4A7-DE33-4E24-8D02-4367129C654C}.Debug|x64.Build.0 = Debug|Any CPU
		{3FF4D4A7-DE33-4E24-8D02-4367129C654C}.Debug|x86.ActiveCfg = Debug|Any CPU
		{3FF4D4A7-DE33-4E24-8D02-4367129C654C}.Debug|x86.Build.0 = Debug|Any CPU
		{3FF4D4A7-DE33-4E24-8D02-4367129C654C}.Release|Any CPU.ActiveCfg = Release|Any CPU
		{3FF4D4A7-DE33-4E24-8D02-4367129C654C}.Release|Any CPU.Build.0 = Release|Any CPU
		{3FF4D4A7-DE33-4E24-8D02-4367129C654C}.Release|x64.ActiveCfg = Release|Any CPU
		{3FF4D4A7-DE33-4E24-8D02-4367129C654C}.Release|x64.Build.0 = Release|Any CPU
		{3FF4D4A7-DE33-4E24-8D02-4367129C654C}.Release|x86.ActiveCfg = Release|Any CPU
		{3FF4D4A7-DE33-4E24-8D02-4367129C654C}.Release|x86.Build.0 = Release|Any CPU
		{4C9907F5-439B-498A-A31F-6A9B989BA521}.Debug|Any CPU.ActiveCfg = Debug|Any CPU
		{4C9907F5-439B-498A-A31F-6A9B989BA521}.Debug|Any CPU.Build.0 = Debug|Any CPU
		{4C9907F5-439B-498A-A31F-6A9B989BA521}.Debug|x64.ActiveCfg = Debug|Any CPU
		{4C9907F5-439B-498A-A31F-6A9B989BA521}.Debug|x64.Build.0 = Debug|Any CPU
		{4C9907F5-439B-498A-A31F-6A9B989BA521}.Debug|x86.ActiveCfg = Debug|Any CPU
		{4C9907F5-439B-498A-A31F-6A9B989BA521}.Debug|x86.Build.0 = Debug|Any CPU
		{4C9907F5-439B-498A-A31F-6A9B989BA521}.Release|Any CPU.ActiveCfg = Release|Any CPU
		{4C9907F5-439B-498A-A31F-6A9B989BA521}.Release|Any CPU.Build.0 = Release|Any CPU
		{4C9907F5-439B-498A-A31F-6A9B989BA521}.Release|x64.ActiveCfg = Release|Any CPU
		{4C9907F5-439B-498A-A31F-6A9B989BA521}.Release|x64.Build.0 = Release|Any CPU
		{4C9907F5-439B-498A-A31F-6A9B989BA521}.Release|x86.ActiveCfg = Release|Any CPU
		{4C9907F5-439B-498A-A31F-6A9B989BA521}.Release|x86.Build.0 = Release|Any CPU
	EndGlobalSection
	GlobalSection(SolutionProperties) = preSolution
		HideSolutionNode = FALSE
	EndGlobalSection
	GlobalSection(NestedProjects) = preSolution
		{DA548FD6-0991-4AC0-B864-93A666B495D1} = {827E0CD3-B72D-47B6-A68D-7590B98EB39B}
		{5DE1C1F7-D0AE-495F-8F6C-ADCDCF3D8AB3} = {827E0CD3-B72D-47B6-A68D-7590B98EB39B}
		{1FDB6C33-5C95-4B17-95AB-A898B887FA28} = {827E0CD3-B72D-47B6-A68D-7590B98EB39B}
		{CF695A66-871E-4F8A-8C17-E9EDC78A92B2} = {827E0CD3-B72D-47B6-A68D-7590B98EB39B}
		{C64E190C-B2F2-4DE6-8ADD-554296C2E68C} = {827E0CD3-B72D-47B6-A68D-7590B98EB39B}
		{84B2845C-6703-43B4-A0CA-5C7C767CC014} = {827E0CD3-B72D-47B6-A68D-7590B98EB39B}
		{3FF4D4A7-DE33-4E24-8D02-4367129C654C} = {827E0CD3-B72D-47B6-A68D-7590B98EB39B}
		{4C9907F5-439B-498A-A31F-6A9B989BA521} = {827E0CD3-B72D-47B6-A68D-7590B98EB39B}
	EndGlobalSection
EndGlobal
